
Microsoft Visual Studio Solution File, Format Version 12.00
# Visual Studio Version 16
VisualStudioVersion = 16.0.31911.196
MinimumVisualStudioVersion = 10.0.40219.1
Project("{9A19103F-16F7-4668-BE54-9A1E7A4F7556}") = "AdventOfCode.01", "AdventOfCode.01\AdventOfCode.01.csproj", "{9B48E87D-1B07-45D1-9DE9-0545B37BCBB6}"
EndProject
Project("{FAE04EC0-301F-11D3-BF4B-00C04F79EFBC}") = "AdventOfCode.02", "AdventOfCode.02\AdventOfCode.02.csproj", "{1B2AD503-75E4-4F8A-80B9-6F602F48E818}"
EndProject
Project("{FAE04EC0-301F-11D3-BF4B-00C04F79EFBC}") = "AdventOfCode.03", "AdventOfCode.03\AdventOfCode.03.csproj", "{931653A0-9720-43EC-BAB3-9930F2FC1C3D}"
EndProject
Global
	GlobalSection(SolutionConfigurationPlatforms) = preSolution
		Debug|Any CPU = Debug|Any CPU
		Release|Any CPU = Release|Any CPU
	EndGlobalSection
	GlobalSection(ProjectConfigurationPlatforms) = postSolution
		{9B48E87D-1B07-45D1-9DE9-0545B37BCBB6}.Debug|Any CPU.ActiveCfg = Debug|Any CPU
		{9B48E87D-1B07-45D1-9DE9-0545B37BCBB6}.Debug|Any CPU.Build.0 = Debug|Any CPU
		{9B48E87D-1B07-45D1-9DE9-0545B37BCBB6}.Release|Any CPU.ActiveCfg = Release|Any CPU
		{9B48E87D-1B07-45D1-9DE9-0545B37BCBB6}.Release|Any CPU.Build.0 = Release|Any CPU
		{1B2AD503-75E4-4F8A-80B9-6F602F48E818}.Debug|Any CPU.ActiveCfg = Debug|Any CPU
		{1B2AD503-75E4-4F8A-80B9-6F602F48E818}.Debug|Any CPU.Build.0 = Debug|Any CPU
		{1B2AD503-75E4-4F8A-80B9-6F602F48E818}.Release|Any CPU.ActiveCfg = Release|Any CPU
		{1B2AD503-75E4-4F8A-80B9-6F602F48E818}.Release|Any CPU.Build.0 = Release|Any CPU
		{931653A0-9720-43EC-BAB3-9930F2FC1C3D}.Debug|Any CPU.ActiveCfg = Debug|Any CPU
		{931653A0-9720-43EC-BAB3-9930F2FC1C3D}.Debug|Any CPU.Build.0 = Debug|Any CPU
		{931653A0-9720-43EC-BAB3-9930F2FC1C3D}.Release|Any CPU.ActiveCfg = Release|Any CPU
		{931653A0-9720-43EC-BAB3-9930F2FC1C3D}.Release|Any CPU.Build.0 = Release|Any CPU
	EndGlobalSection
	GlobalSection(SolutionProperties) = preSolution
		HideSolutionNode = FALSE
	EndGlobalSection
	GlobalSection(ExtensibilityGlobals) = postSolution
		SolutionGuid = {9B36EBBD-6CFB-4BF5-905D-9F21E2B7EF6F}
	EndGlobalSection
EndGlobal
